{
  "nodes": {
    "flake-parts": {
      "inputs": {
        "nixpkgs-lib": [
          "nixpkgs"
        ]
      },
      "locked": {
        "lastModified": 1765835352,
        "narHash": "sha256-XswHlK/Qtjasvhd1nOa1e8MgZ8GS//jBoTqWtrS1Giw=",
        "owner": "hercules-ci",
        "repo": "flake-parts",
        "rev": "a34fae9c08a15ad73f295041fec82323541400a9",
        "type": "github"
      },
      "original": {
        "owner": "hercules-ci",
        "repo": "flake-parts",
        "type": "github"
      }
    },
    "nixcfg": {
      "inputs": {
        "copyparty": [],
        "factorio-blueprints": [],
        "firefox-addons": [],
        "flake-parts": [
          "flake-parts"
        ],
        "flake-utils": [],
        "home-manager": [],
        "ixx": [],
        "nix-index-database": [],
        "nix-minecraft": [],
        "nixos-cosmic": [],
        "nixos-raspberrypi": [],
        "nixos-raspberrypi-kernellock": [],
        "nixpkgs": [
          "nixpkgs"
        ],
        "nixpkgs-stable": [],
        "nuschtosSearch": [],
        "selwonklib": "selwonklib",
        "sops-nix": [],
        "src-openmw": [],
        "src-tldr": [],
        "stylix": [],
        "systems": [
          "systems"
        ],
        "treefmt-nix": "treefmt-nix",
        "vscode-extensions": []
      },
      "locked": {
        "lastModified": 1767221379,
        "narHash": "sha256-CB82xeMQWhdMWANECxcFpkC+8xp0JP0tsCzuamI+igs=",
        "owner": "kieranknowles1",
        "repo": "nixcfg",
        "rev": "afb18a47566e7e3ee906f51bd580df057f34131e",
        "type": "github"
      },
      "original": {
        "owner": "kieranknowles1",
        "repo": "nixcfg",
        "type": "github"
      }
    },
    "nixpkgs": {
      "locked": {
        "lastModified": 1766902085,
        "narHash": "sha256-coBu0ONtFzlwwVBzmjacUQwj3G+lybcZ1oeNSQkgC0M=",
        "owner": "nixos",
        "repo": "nixpkgs",
        "rev": "c0b0e0fddf73fd517c3471e546c0df87a42d53f4",
        "type": "github"
      },
      "original": {
        "owner": "nixos",
        "ref": "nixos-unstable",
        "repo": "nixpkgs",
        "type": "github"
      }
    },
    "root": {
      "inputs": {
        "flake-parts": "flake-parts",
        "nixcfg": "nixcfg",
        "nixpkgs": "nixpkgs",
        "systems": "systems"
      }
    },
    "selwonklib": {
      "flake": false,
      "locked": {
        "lastModified": 1765311107,
        "narHash": "sha256-sSN1W+oxZRMBFz47p3I3Z6WYt8514DhXvLV/6XIvcMI=",
        "owner": "kieranknowles1",
        "repo": "selwonklib",
        "rev": "d72de1d911b242f598baf18224b0316a32a0728e",
        "type": "github"
      },
      "original": {
        "owner": "kieranknowles1",
        "repo": "selwonklib",
        "type": "github"
      }
    },
    "systems": {
      "locked": {
        "lastModified": 1689347949,
        "narHash": "sha256-12tWmuL2zgBgZkdoB6qXZsgJEH9LR3oUgpaQq2RbI80=",
        "owner": "nix-systems",
        "repo": "default-linux",
        "rev": "31732fcf5e8fea42e59c2488ad31a0e651500f68",
        "type": "github"
      },
      "original": {
        "owner": "nix-systems",
        "repo": "default-linux",
        "type": "github"
      }
    },
    "treefmt-nix": {
      "inputs": {
        "nixpkgs": [
          "nixcfg",
          "nixpkgs"
        ]
      },
      "locked": {
        "lastModified": 1766000401,
        "narHash": "sha256-+cqN4PJz9y0JQXfAK5J1drd0U05D5fcAGhzhfVrDlsI=",
        "owner": "numtide",
        "repo": "treefmt-nix",
        "rev": "42d96e75aa56a3f70cab7e7dc4a32868db28e8fd",
        "type": "github"
      },
      "original": {
        "owner": "numtide",
        "repo": "treefmt-nix",
        "type": "github"
      }
    }
  },
  "root": "root",
  "version": 7
}
