{
  "nodes": {
    "flake-parts": {
      "inputs": {
        "nixpkgs-lib": [
          "nixpkgs"
        ]
      },
      "locked": {
        "lastModified": 1765835352,
        "narHash": "sha256-XswHlK/Qtjasvhd1nOa1e8MgZ8GS//jBoTqWtrS1Giw=",
        "owner": "hercules-ci",
        "repo": "flake-parts",
        "rev": "a34fae9c08a15ad73f295041fec82323541400a9",
        "type": "github"
      },
      "original": {
        "owner": "hercules-ci",
        "repo": "flake-parts",
        "type": "github"
      }
    },
    "home-manager": {
      "inputs": {
        "nixpkgs": [
          "nixcfg",
          "nixpkgs"
        ]
      },
      "locked": {
        "lastModified": 1774007980,
        "narHash": "sha256-FOnZjElEI8pqqCvB6K/1JRHTE8o4rer8driivTpq2uo=",
        "owner": "nix-community",
        "repo": "home-manager",
        "rev": "9670de2921812bc4e0452f6e3efd8c859696c183",
        "type": "github"
      },
      "original": {
        "owner": "nix-community",
        "ref": "master",
        "repo": "home-manager",
        "type": "github"
      }
    },
    "nix-topology": {
      "inputs": {
        "flake-parts": [
          "nixcfg",
          "flake-parts"
        ],
        "nixpkgs": [
          "nixcfg",
          "nixpkgs"
        ]
      },
      "locked": {
        "lastModified": 1773727286,
        "narHash": "sha256-n7gZKq9pJb0IoRsAPxZqjYWbm8/v2UdrZxARlmlKzvk=",
        "owner": "oddlama",
        "repo": "nix-topology",
        "rev": "49b439d8749703989a42f28a4bfe198b2b315894",
        "type": "github"
      },
      "original": {
        "owner": "oddlama",
        "repo": "nix-topology",
        "type": "github"
      }
    },
    "nixcfg": {
      "inputs": {
        "copyparty": [],
        "factorio-blueprints": [],
        "firefox-addons": [],
        "flake-parts": [
          "flake-parts"
        ],
        "flake-utils": [],
        "home-manager": "home-manager",
        "ixx": [],
        "nix-index-database": [],
        "nix-minecraft": [],
        "nix-topology": "nix-topology",
        "nixos-raspberrypi": [],
        "nixos-raspberrypi-kernellock": [],
        "nixpkgs": [
          "nixpkgs"
        ],
        "nixpkgs-stable": [],
        "nuschtosSearch": [],
        "selwonklib": "selwonklib",
        "sops-nix": [],
        "src-openmw": [],
        "src-tldr": [],
        "stylix": [],
        "systems": [
          "systems"
        ],
        "treefmt-nix": "treefmt-nix",
        "vscode-extensions": []
      },
      "locked": {
        "lastModified": 1776105585,
        "narHash": "sha256-TfPG+mXNO3TmbHd7Jq6iL0sdwuMbORtuKqTd+rI7oeo=",
        "owner": "kieranknowles1",
        "repo": "nixcfg",
        "rev": "be76faeae4c33b3122184aac979af13a2db6584d",
        "type": "github"
      },
      "original": {
        "owner": "kieranknowles1",
        "repo": "nixcfg",
        "type": "github"
      }
    },
    "nixpkgs": {
      "locked": {
        "lastModified": 1766902085,
        "narHash": "sha256-coBu0ONtFzlwwVBzmjacUQwj3G+lybcZ1oeNSQkgC0M=",
        "owner": "nixos",
        "repo": "nixpkgs",
        "rev": "c0b0e0fddf73fd517c3471e546c0df87a42d53f4",
        "type": "github"
      },
      "original": {
        "owner": "nixos",
        "ref": "nixos-unstable",
        "repo": "nixpkgs",
        "type": "github"
      }
    },
    "root": {
      "inputs": {
        "flake-parts": "flake-parts",
        "nixcfg": "nixcfg",
        "nixpkgs": "nixpkgs",
        "systems": "systems"
      }
    },
    "selwonklib": {
      "flake": false,
      "locked": {
        "lastModified": 1774743339,
        "narHash": "sha256-etHMVRTxVTOVHMNKJOzFsXQ9BvNk6pxbMvenwyTeej0=",
        "owner": "kieranknowles1",
        "repo": "selwonklib",
        "rev": "2b11e8d0d38fa796d3d6fc494221f36bbbdae140",
        "type": "github"
      },
      "original": {
        "owner": "kieranknowles1",
        "repo": "selwonklib",
        "type": "github"
      }
    },
    "systems": {
      "locked": {
        "lastModified": 1689347949,
        "narHash": "sha256-12tWmuL2zgBgZkdoB6qXZsgJEH9LR3oUgpaQq2RbI80=",
        "owner": "nix-systems",
        "repo": "default-linux",
        "rev": "31732fcf5e8fea42e59c2488ad31a0e651500f68",
        "type": "github"
      },
      "original": {
        "owner": "nix-systems",
        "repo": "default-linux",
        "type": "github"
      }
    },
    "treefmt-nix": {
      "inputs": {
        "nixpkgs": [
          "nixcfg",
          "nixpkgs"
        ]
      },
      "locked": {
        "lastModified": 1773297127,
        "narHash": "sha256-6E/yhXP7Oy/NbXtf1ktzmU8SdVqJQ09HC/48ebEGBpk=",
        "owner": "numtide",
        "repo": "treefmt-nix",
        "rev": "71b125cd05fbfd78cab3e070b73544abe24c5016",
        "type": "github"
      },
      "original": {
        "owner": "numtide",
        "repo": "treefmt-nix",
        "type": "github"
      }
    }
  },
  "root": "root",
  "version": 7
}
